
Microsoft Visual Studio Solution File, Format Version 12.00
# Visual Studio Version 16
VisualStudioVersion = 16.0.31729.503
MinimumVisualStudioVersion = 10.0.40219.1
Project("{FAE04EC0-301F-11D3-BF4B-00C04F79EFBC}") = "WebApplication2", "WebApplication2\WebApplication2.csproj", "{255436FC-71B2-45D8-A410-ADEB79F4BA32}"
EndProject
Global
	GlobalSection(SolutionConfigurationPlatforms) = preSolution
		Debug|Any CPU = Debug|Any CPU
		Release|Any CPU = Release|Any CPU
	EndGlobalSection
	GlobalSection(ProjectConfigurationPlatforms) = postSolution
		{255436FC-71B2-45D8-A410-ADEB79F4BA32}.Debug|Any CPU.ActiveCfg = Debug|Any CPU
		{255436FC-71B2-45D8-A410-ADEB79F4BA32}.Debug|Any CPU.Build.0 = Debug|Any CPU
		{255436FC-71B2-45D8-A410-ADEB79F4BA32}.Release|Any CPU.ActiveCfg = Release|Any CPU
		{255436FC-71B2-45D8-A410-ADEB79F4BA32}.Release|Any CPU.Build.0 = Release|Any CPU
	EndGlobalSection
	GlobalSection(SolutionProperties) = preSolution
		HideSolutionNode = FALSE
	EndGlobalSection
	GlobalSection(ExtensibilityGlobals) = postSolution
		SolutionGuid = {56792B49-D751-40D4-BC2A-DCBE8E6CAE8A}
	EndGlobalSection
EndGlobal
